
Microsoft Visual Studio Solution File, Format Version 12.00
# Visual Studio Version 17
VisualStudioVersion = 17.6.33829.357
MinimumVisualStudioVersion = 10.0.40219.1
Project("{FAE04EC0-301F-11D3-BF4B-00C04F79EFBC}") = "ordini", "ordini.csproj", "{8701EF3A-4401-49BE-A198-ECD4490D944F}"
EndProject
Global
	GlobalSection(SolutionConfigurationPlatforms) = preSolution
		Debug|Any CPU = Debug|Any CPU
		Release|Any CPU = Release|Any CPU
	EndGlobalSection
	GlobalSection(ProjectConfigurationPlatforms) = postSolution
		{8701EF3A-4401-49BE-A198-ECD4490D944F}.Debug|Any CPU.ActiveCfg = Debug|Any CPU
		{8701EF3A-4401-49BE-A198-ECD4490D944F}.Debug|Any CPU.Build.0 = Debug|Any CPU
		{8701EF3A-4401-49BE-A198-ECD4490D944F}.Release|Any CPU.ActiveCfg = Release|Any CPU
		{8701EF3A-4401-49BE-A198-ECD4490D944F}.Release|Any CPU.Build.0 = Release|Any CPU
	EndGlobalSection
	GlobalSection(SolutionProperties) = preSolution
		HideSolutionNode = FALSE
	EndGlobalSection
	GlobalSection(ExtensibilityGlobals) = postSolution
		SolutionGuid = {A2458DFE-2643-47FE-A8AF-FD0BE9C6B0A0}
	EndGlobalSection
EndGlobal
